{
  "name": "covid19-world",
  "version": "1.0.0",
  "lockfileVersion": 1,
  "requires": true,
  "dependencies": {
    "iso-3166-1-codes": {
      "version": "1.0.1",
      "resolved": "https://registry.npmjs.org/iso-3166-1-codes/-/iso-3166-1-codes-1.0.1.tgz",
      "integrity": "sha512-VTw9ecERBYtvsMGYDd35TxpwP/PvPxHWs4WMGYEale851wJSW12NRmTl20GpUHH3keF00ath/kfWHftrFkrBQQ=="
    }
  }
}
